
Microsoft Visual Studio Solution File, Format Version 12.00
# Visual Studio Version 17
VisualStudioVersion = 17.1.32228.430
MinimumVisualStudioVersion = 10.0.40219.1
Project("{FAE04EC0-301F-11D3-BF4B-00C04F79EFBC}") = "CityInfo.API", "CityInfo.API\CityInfo.API.csproj", "{DC11263C-E871-4D63-91D5-E7F8FEA7E911}"
EndProject
Global
	GlobalSection(SolutionConfigurationPlatforms) = preSolution
		Debug|Any CPU = Debug|Any CPU
		Release|Any CPU = Release|Any CPU
	EndGlobalSection
	GlobalSection(ProjectConfigurationPlatforms) = postSolution
		{DC11263C-E871-4D63-91D5-E7F8FEA7E911}.Debug|Any CPU.ActiveCfg = Debug|Any CPU
		{DC11263C-E871-4D63-91D5-E7F8FEA7E911}.Debug|Any CPU.Build.0 = Debug|Any CPU
		{DC11263C-E871-4D63-91D5-E7F8FEA7E911}.Release|Any CPU.ActiveCfg = Release|Any CPU
		{DC11263C-E871-4D63-91D5-E7F8FEA7E911}.Release|Any CPU.Build.0 = Release|Any CPU
	EndGlobalSection
	GlobalSection(SolutionProperties) = preSolution
		HideSolutionNode = FALSE
	EndGlobalSection
	GlobalSection(ExtensibilityGlobals) = postSolution
		SolutionGuid = {AE115184-D74B-4892-A9F5-4013287CDBB7}
	EndGlobalSection
EndGlobal
